NeoBundleLock ctrlp.vim 28fce0fb860fe8df0915da1de1fb6e90d6ab2edc
NeoBundleLock jedi-vim a0c3269420d21e48cdad77c832e2da4a290b3cb4
NeoBundleLock neobundle.vim 380d9d299300019c0a9970ae6b87faabedab0747
NeoBundleLock neosnippet-snippets dbce664a473e2344d2cc4e494fb5e408452646e2
NeoBundleLock neosnippet.vim 9eac227835317d2fad9ae9b816590ce33a3ab7c4
NeoBundleLock powerline d77cc30a3be26cf34411af70c5e2b595eef2d46d
NeoBundleLock syntastic 95879f19a9f8a72282717e07d0d4e006d8561580
NeoBundleLock vim-airline 4d39cb6f2078326dd07f2ab680a0365299a2589e
NeoBundleLock vim-colorschemes 189f5182bb70fd35d0f56fee451c3f22a2a80135
NeoBundleLock vim-fugitive 3439f999b138254e4bb56187fc91f91f545b4b12
NeoBundleLock vim-surround 2d05440ad23f97a7874ebd9b5de3a0e65d25d85c
NeoBundleLock vimshell 3787e52766812d8b99a93ccdda57517bc2a0bab6
