NeoBundleLock ctrlp.vim 6c883ba1ad103e5bd9b56c8ef47afb3669b6e406
NeoBundleLock neobundle.vim 9c62a8fcf9eb42d3956c703943c99f06a63112e6
NeoBundleLock neosnippet-snippets 34dec3c984bcae52a871d6d0954030cb23802305
NeoBundleLock syntastic 2b84b14cd1ef0d4bb74d91ca08a8818d84d8982d
NeoBundleLock vim-airline 7a720bbbd74b22fc029844c9ff087bbc1e09effb
NeoBundleLock vim-colorschemes b8dff40f69f1873effbed97c759a8452ecb240ed
NeoBundleLock vim-fugitive aac85a268e89a6c8be79341e130ac90256fadbd6
NeoBundleLock vim-surround e49d6c2459e0f5569ff2d533b4df995dd7f98313
NeoBundleLock vimshell 3787e52766812d8b99a93ccdda57517bc2a0bab6
